
Microsoft Visual Studio Solution File, Format Version 12.00
# Visual Studio Version 17
VisualStudioVersion = 17.7.34031.279
MinimumVisualStudioVersion = 10.0.40219.1
Project("{9A19103F-16F7-4668-BE54-9A1E7A4F7556}") = "NewSysacadFront", "WinFormsApp1\NewSysacadFront.csproj", "{A0ECCFA5-55F9-4ED3-8CBA-8F5ED403A04E}"
EndProject
Project("{9A19103F-16F7-4668-BE54-9A1E7A4F7556}") = "BibliotecaNewSysacad", "..\BibliotecaNewSysacad\BibliotecaNewSysacad\BibliotecaNewSysacad.csproj", "{A47E48C2-7D92-4336-8D96-21EC5B4A4F1E}"
EndProject
Global
	GlobalSection(SolutionConfigurationPlatforms) = preSolution
		Debug|Any CPU = Debug|Any CPU
		Release|Any CPU = Release|Any CPU
	EndGlobalSection
	GlobalSection(ProjectConfigurationPlatforms) = postSolution
		{A0ECCFA5-55F9-4ED3-8CBA-8F5ED403A04E}.Debug|Any CPU.ActiveCfg = Debug|Any CPU
		{A0ECCFA5-55F9-4ED3-8CBA-8F5ED403A04E}.Debug|Any CPU.Build.0 = Debug|Any CPU
		{A0ECCFA5-55F9-4ED3-8CBA-8F5ED403A04E}.Release|Any CPU.ActiveCfg = Release|Any CPU
		{A0ECCFA5-55F9-4ED3-8CBA-8F5ED403A04E}.Release|Any CPU.Build.0 = Release|Any CPU
		{A47E48C2-7D92-4336-8D96-21EC5B4A4F1E}.Debug|Any CPU.ActiveCfg = Debug|Any CPU
		{A47E48C2-7D92-4336-8D96-21EC5B4A4F1E}.Debug|Any CPU.Build.0 = Debug|Any CPU
		{A47E48C2-7D92-4336-8D96-21EC5B4A4F1E}.Release|Any CPU.ActiveCfg = Release|Any CPU
		{A47E48C2-7D92-4336-8D96-21EC5B4A4F1E}.Release|Any CPU.Build.0 = Release|Any CPU
	EndGlobalSection
	GlobalSection(SolutionProperties) = preSolution
		HideSolutionNode = FALSE
	EndGlobalSection
	GlobalSection(ExtensibilityGlobals) = postSolution
		SolutionGuid = {912532B5-959A-46EB-A856-68B25D364333}
	EndGlobalSection
EndGlobal
